
Microsoft Visual Studio Solution File, Format Version 12.00
# Visual Studio Version 17
VisualStudioVersion = 17.0.31903.59
MinimumVisualStudioVersion = 10.0.40219.1
Project("{2150E333-8FDC-42A3-9474-1A3956D46DE8}") = "src", "src", "{827E0CD3-B72D-47B6-A68D-7590B98EB39B}"
EndProject
Project("{FAE04EC0-301F-11D3-BF4B-00C04F79EFBC}") = "SiteInspect.Domain", "src\SiteInspect.Domain\SiteInspect.Domain.csproj", "{B846FFC5-06BB-433B-A6F1-FEFA7E495789}"
EndProject
Project("{FAE04EC0-301F-11D3-BF4B-00C04F79EFBC}") = "SiteInspect.Application", "src\SiteInspect.Application\SiteInspect.Application.csproj", "{C8E09F6A-C2DC-408D-9B47-C562C90B1F61}"
EndProject
Project("{FAE04EC0-301F-11D3-BF4B-00C04F79EFBC}") = "SiteInspect.Infrastructure", "src\SiteInspect.Infrastructure\SiteInspect.Infrastructure.csproj", "{416167C6-71FC-447F-8B95-E15DFF0148E3}"
EndProject
Project("{FAE04EC0-301F-11D3-BF4B-00C04F79EFBC}") = "SiteInspect.Api", "src\SiteInspect.Api\SiteInspect.Api.csproj", "{F328F2FD-608F-4DC8-BC8B-BC8794FC69C8}"
EndProject
Project("{FAE04EC0-301F-11D3-BF4B-00C04F79EFBC}") = "SiteInspect.Worker", "src\SiteInspect.Worker\SiteInspect.Worker.csproj", "{9A7748B6-AA59-48A4-B3FB-A29A5269592E}"
EndProject
Project("{54A90642-561A-4BB1-A94E-469ADEE60C69}") = "SiteInspect.Web", "src\SiteInspect.Web\SiteInspect.Web.esproj", "{98E256B3-73A2-46DE-8795-B8C45CF2649B}"
EndProject
Project("{2150E333-8FDC-42A3-9474-1A3956D46DE8}") = "tests", "tests", "{0AB3BF05-4346-4AA6-1389-037BE0695223}"
EndProject
Project("{FAE04EC0-301F-11D3-BF4B-00C04F79EFBC}") = "SiteInspect.Domain.Tests", "tests\SiteInspect.Domain.Tests\SiteInspect.Domain.Tests.csproj", "{7D47D9BC-D331-4318-A691-F67BB70FA62A}"
EndProject
Project("{FAE04EC0-301F-11D3-BF4B-00C04F79EFBC}") = "SiteInspect.Application.Tests", "tests\SiteInspect.Application.Tests\SiteInspect.Application.Tests.csproj", "{F22602B8-A243-47F1-9074-5EE9A4C4D904}"
EndProject
Project("{FAE04EC0-301F-11D3-BF4B-00C04F79EFBC}") = "SiteInspect.IntegrationTests", "tests\SiteInspect.IntegrationTests\SiteInspect.IntegrationTests.csproj", "{658BE637-60DB-49C7-86C1-BE9E54C268E2}"
EndProject
Global
	GlobalSection(SolutionConfigurationPlatforms) = preSolution
		Debug|Any CPU = Debug|Any CPU
		Debug|x64 = Debug|x64
		Debug|x86 = Debug|x86
		Release|Any CPU = Release|Any CPU
		Release|x64 = Release|x64
		Release|x86 = Release|x86
	EndGlobalSection
	GlobalSection(ProjectConfigurationPlatforms) = postSolution
		{B846FFC5-06BB-433B-A6F1-FEFA7E495789}.Debug|Any CPU.ActiveCfg = Debug|Any CPU
		{B846FFC5-06BB-433B-A6F1-FEFA7E495789}.Debug|Any CPU.Build.0 = Debug|Any CPU
		{B846FFC5-06BB-433B-A6F1-FEFA7E495789}.Debug|x64.ActiveCfg = Debug|Any CPU
		{B846FFC5-06BB-433B-A6F1-FEFA7E495789}.Debug|x64.Build.0 = Debug|Any CPU
		{B846FFC5-06BB-433B-A6F1-FEFA7E495789}.Debug|x86.ActiveCfg = Debug|Any CPU
		{B846FFC5-06BB-433B-A6F1-FEFA7E495789}.Debug|x86.Build.0 = Debug|Any CPU
		{B846FFC5-06BB-433B-A6F1-FEFA7E495789}.Release|Any CPU.ActiveCfg = Release|Any CPU
		{B846FFC5-06BB-433B-A6F1-FEFA7E495789}.Release|Any CPU.Build.0 = Release|Any CPU
		{B846FFC5-06BB-433B-A6F1-FEFA7E495789}.Release|x64.ActiveCfg = Release|Any CPU
		{B846FFC5-06BB-433B-A6F1-FEFA7E495789}.Release|x64.Build.0 = Release|Any CPU
		{B846FFC5-06BB-433B-A6F1-FEFA7E495789}.Release|x86.ActiveCfg = Release|Any CPU
		{B846FFC5-06BB-433B-A6F1-FEFA7E495789}.Release|x86.Build.0 = Release|Any CPU
		{C8E09F6A-C2DC-408D-9B47-C562C90B1F61}.Debug|Any CPU.ActiveCfg = Debug|Any CPU
		{C8E09F6A-C2DC-408D-9B47-C562C90B1F61}.Debug|Any CPU.Build.0 = Debug|Any CPU
		{C8E09F6A-C2DC-408D-9B47-C562C90B1F61}.Debug|x64.ActiveCfg = Debug|Any CPU
		{C8E09F6A-C2DC-408D-9B47-C562C90B1F61}.Debug|x64.Build.0 = Debug|Any CPU
		{C8E09F6A-C2DC-408D-9B47-C562C90B1F61}.Debug|x86.ActiveCfg = Debug|Any CPU
		{C8E09F6A-C2DC-408D-9B47-C562C90B1F61}.Debug|x86.Build.0 = Debug|Any CPU
		{C8E09F6A-C2DC-408D-9B47-C562C90B1F61}.Release|Any CPU.ActiveCfg = Release|Any CPU
		{C8E09F6A-C2DC-408D-9B47-C562C90B1F61}.Release|Any CPU.Build.0 = Release|Any CPU
		{C8E09F6A-C2DC-408D-9B47-C562C90B1F61}.Release|x64.ActiveCfg = Release|Any CPU
		{C8E09F6A-C2DC-408D-9B47-C562C90B1F61}.Release|x64.Build.0 = Release|Any CPU
		{C8E09F6A-C2DC-408D-9B47-C562C90B1F61}.Release|x86.ActiveCfg = Release|Any CPU
		{C8E09F6A-C2DC-408D-9B47-C562C90B1F61}.Release|x86.Build.0 = Release|Any CPU
		{416167C6-71FC-447F-8B95-E15DFF0148E3}.Debug|Any CPU.ActiveCfg = Debug|Any CPU
		{416167C6-71FC-447F-8B95-E15DFF0148E3}.Debug|Any CPU.Build.0 = Debug|Any CPU
		{416167C6-71FC-447F-8B95-E15DFF0148E3}.Debug|x64.ActiveCfg = Debug|Any CPU
		{416167C6-71FC-447F-8B95-E15DFF0148E3}.Debug|x64.Build.0 = Debug|Any CPU
		{416167C6-71FC-447F-8B95-E15DFF0148E3}.Debug|x86.ActiveCfg = Debug|Any CPU
		{416167C6-71FC-447F-8B95-E15DFF0148E3}.Debug|x86.Build.0 = Debug|Any CPU
		{416167C6-71FC-447F-8B95-E15DFF0148E3}.Release|Any CPU.ActiveCfg = Release|Any CPU
		{416167C6-71FC-447F-8B95-E15DFF0148E3}.Release|Any CPU.Build.0 = Release|Any CPU
		{416167C6-71FC-447F-8B95-E15DFF0148E3}.Release|x64.ActiveCfg = Release|Any CPU
		{416167C6-71FC-447F-8B95-E15DFF0148E3}.Release|x64.Build.0 = Release|Any CPU
		{416167C6-71FC-447F-8B95-E15DFF0148E3}.Release|x86.ActiveCfg = Release|Any CPU
		{416167C6-71FC-447F-8B95-E15DFF0148E3}.Release|x86.Build.0 = Release|Any CPU
		{F328F2FD-608F-4DC8-BC8B-BC8794FC69C8}.Debug|Any CPU.ActiveCfg = Debug|Any CPU
		{F328F2FD-608F-4DC8-BC8B-BC8794FC69C8}.Debug|Any CPU.Build.0 = Debug|Any CPU
		{F328F2FD-608F-4DC8-BC8B-BC8794FC69C8}.Debug|x64.ActiveCfg = Debug|Any CPU
		{F328F2FD-608F-4DC8-BC8B-BC8794FC69C8}.Debug|x64.Build.0 = Debug|Any CPU
		{F328F2FD-608F-4DC8-BC8B-BC8794FC69C8}.Debug|x86.ActiveCfg = Debug|Any CPU
		{F328F2FD-608F-4DC8-BC8B-BC8794FC69C8}.Debug|x86.Build.0 = Debug|Any CPU
		{F328F2FD-608F-4DC8-BC8B-BC8794FC69C8}.Release|Any CPU.ActiveCfg = Release|Any CPU
		{F328F2FD-608F-4DC8-BC8B-BC8794FC69C8}.Release|Any CPU.Build.0 = Release|Any CPU
		{F328F2FD-608F-4DC8-BC8B-BC8794FC69C8}.Release|x64.ActiveCfg = Release|Any CPU
		{F328F2FD-608F-4DC8-BC8B-BC8794FC69C8}.Release|x64.Build.0 = Release|Any CPU
		{F328F2FD-608F-4DC8-BC8B-BC8794FC69C8}.Release|x86.ActiveCfg = Release|Any CPU
		{F328F2FD-608F-4DC8-BC8B-BC8794FC69C8}.Release|x86.Build.0 = Release|Any CPU
		{9A7748B6-AA59-48A4-B3FB-A29A5269592E}.Debug|Any CPU.ActiveCfg = Debug|Any CPU
		{9A7748B6-AA59-48A4-B3FB-A29A5269592E}.Debug|Any CPU.Build.0 = Debug|Any CPU
		{9A7748B6-AA59-48A4-B3FB-A29A5269592E}.Debug|x64.ActiveCfg = Debug|Any CPU
		{9A7748B6-AA59-48A4-B3FB-A29A5269592E}.Debug|x64.Build.0 = Debug|Any CPU
		{9A7748B6-AA59-48A4-B3FB-A29A5269592E}.Debug|x86.ActiveCfg = Debug|Any CPU
		{9A7748B6-AA59-48A4-B3FB-A29A5269592E}.Debug|x86.Build.0 = Debug|Any CPU
		{9A7748B6-AA59-48A4-B3FB-A29A5269592E}.Release|Any CPU.ActiveCfg = Release|Any CPU
		{9A7748B6-AA59-48A4-B3FB-A29A5269592E}.Release|Any CPU.Build.0 = Release|Any CPU
		{9A7748B6-AA59-48A4-B3FB-A29A5269592E}.Release|x64.ActiveCfg = Release|Any CPU
		{9A7748B6-AA59-48A4-B3FB-A29A5269592E}.Release|x64.Build.0 = Release|Any CPU
		{9A7748B6-AA59-48A4-B3FB-A29A5269592E}.Release|x86.ActiveCfg = Release|Any CPU
		{9A7748B6-AA59-48A4-B3FB-A29A5269592E}.Release|x86.Build.0 = Release|Any CPU
		{98E256B3-73A2-46DE-8795-B8C45CF2649B}.Debug|Any CPU.ActiveCfg = Debug|Any CPU
		{98E256B3-73A2-46DE-8795-B8C45CF2649B}.Debug|Any CPU.Build.0 = Debug|Any CPU
		{98E256B3-73A2-46DE-8795-B8C45CF2649B}.Debug|x64.ActiveCfg = Debug|Any CPU
		{98E256B3-73A2-46DE-8795-B8C45CF2649B}.Debug|x64.Build.0 = Debug|Any CPU
		{98E256B3-73A2-46DE-8795-B8C45CF2649B}.Debug|x86.ActiveCfg = Debug|Any CPU
		{98E256B3-73A2-46DE-8795-B8C45CF2649B}.Debug|x86.Build.0 = Debug|Any CPU
		{98E256B3-73A2-46DE-8795-B8C45CF2649B}.Release|Any CPU.ActiveCfg = Release|Any CPU
		{98E256B3-73A2-46DE-8795-B8C45CF2649B}.Release|Any CPU.Build.0 = Release|Any CPU
		{98E256B3-73A2-46DE-8795-B8C45CF2649B}.Release|x64.ActiveCfg = Release|Any CPU
		{98E256B3-73A2-46DE-8795-B8C45CF2649B}.Release|x64.Build.0 = Release|Any CPU
		{98E256B3-73A2-46DE-8795-B8C45CF2649B}.Release|x86.ActiveCfg = Release|Any CPU
		{98E256B3-73A2-46DE-8795-B8C45CF2649B}.Release|x86.Build.0 = Release|Any CPU
		{7D47D9BC-D331-4318-A691-F67BB70FA62A}.Debug|Any CPU.ActiveCfg = Debug|Any CPU
		{7D47D9BC-D331-4318-A691-F67BB70FA62A}.Debug|Any CPU.Build.0 = Debug|Any CPU
		{7D47D9BC-D331-4318-A691-F67BB70FA62A}.Debug|x64.ActiveCfg = Debug|Any CPU
		{7D47D9BC-D331-4318-A691-F67BB70FA62A}.Debug|x64.Build.0 = Debug|Any CPU
		{7D47D9BC-D331-4318-A691-F67BB70FA62A}.Debug|x86.ActiveCfg = Debug|Any CPU
		{7D47D9BC-D331-4318-A691-F67BB70FA62A}.Debug|x86.Build.0 = Debug|Any CPU
		{7D47D9BC-D331-4318-A691-F67BB70FA62A}.Release|Any CPU.ActiveCfg = Release|Any CPU
		{7D47D9BC-D331-4318-A691-F67BB70FA62A}.Release|Any CPU.Build.0 = Release|Any CPU
		{7D47D9BC-D331-4318-A691-F67BB70FA62A}.Release|x64.ActiveCfg = Release|Any CPU
		{7D47D9BC-D331-4318-A691-F67BB70FA62A}.Release|x64.Build.0 = Release|Any CPU
		{7D47D9BC-D331-4318-A691-F67BB70FA62A}.Release|x86.ActiveCfg = Release|Any CPU
		{7D47D9BC-D331-4318-A691-F67BB70FA62A}.Release|x86.Build.0 = Release|Any CPU
		{F22602B8-A243-47F1-9074-5EE9A4C4D904}.Debug|Any CPU.ActiveCfg = Debug|Any CPU
		{F22602B8-A243-47F1-9074-5EE9A4C4D904}.Debug|Any CPU.Build.0 = Debug|Any CPU
		{F22602B8-A243-47F1-9074-5EE9A4C4D904}.Debug|x64.ActiveCfg = Debug|Any CPU
		{F22602B8-A243-47F1-9074-5EE9A4C4D904}.Debug|x64.Build.0 = Debug|Any CPU
		{F22602B8-A243-47F1-9074-5EE9A4C4D904}.Debug|x86.ActiveCfg = Debug|Any CPU
		{F22602B8-A243-47F1-9074-5EE9A4C4D904}.Debug|x86.Build.0 = Debug|Any CPU
		{F22602B8-A243-47F1-9074-5EE9A4C4D904}.Release|Any CPU.ActiveCfg = Release|Any CPU
		{F22602B8-A243-47F1-9074-5EE9A4C4D904}.Release|Any CPU.Build.0 = Release|Any CPU
		{F22602B8-A243-47F1-9074-5EE9A4C4D904}.Release|x64.ActiveCfg = Release|Any CPU
		{F22602B8-A243-47F1-9074-5EE9A4C4D904}.Release|x64.Build.0 = Release|Any CPU
		{F22602B8-A243-47F1-9074-5EE9A4C4D904}.Release|x86.ActiveCfg = Release|Any CPU
		{F22602B8-A243-47F1-9074-5EE9A4C4D904}.Release|x86.Build.0 = Release|Any CPU
		{658BE637-60DB-49C7-86C1-BE9E54C268E2}.Debug|Any CPU.ActiveCfg = Debug|Any CPU
		{658BE637-60DB-49C7-86C1-BE9E54C268E2}.Debug|Any CPU.Build.0 = Debug|Any CPU
		{658BE637-60DB-49C7-86C1-BE9E54C268E2}.Debug|x64.ActiveCfg = Debug|Any CPU
		{658BE637-60DB-49C7-86C1-BE9E54C268E2}.Debug|x64.Build.0 = Debug|Any CPU
		{658BE637-60DB-49C7-86C1-BE9E54C268E2}.Debug|x86.ActiveCfg = Debug|Any CPU
		{658BE637-60DB-49C7-86C1-BE9E54C268E2}.Debug|x86.Build.0 = Debug|Any CPU
		{658BE637-60DB-49C7-86C1-BE9E54C268E2}.Release|Any CPU.ActiveCfg = Release|Any CPU
		{658BE637-60DB-49C7-86C1-BE9E54C268E2}.Release|Any CPU.Build.0 = Release|Any CPU
		{658BE637-60DB-49C7-86C1-BE9E54C268E2}.Release|x64.ActiveCfg = Release|Any CPU
		{658BE637-60DB-49C7-86C1-BE9E54C268E2}.Release|x64.Build.0 = Release|Any CPU
		{658BE637-60DB-49C7-86C1-BE9E54C268E2}.Release|x86.ActiveCfg = Release|Any CPU
		{658BE637-60DB-49C7-86C1-BE9E54C268E2}.Release|x86.Build.0 = Release|Any CPU
	EndGlobalSection
	GlobalSection(SolutionProperties) = preSolution
		HideSolutionNode = FALSE
	EndGlobalSection
	GlobalSection(NestedProjects) = preSolution
		{B846FFC5-06BB-433B-A6F1-FEFA7E495789} = {827E0CD3-B72D-47B6-A68D-7590B98EB39B}
		{C8E09F6A-C2DC-408D-9B47-C562C90B1F61} = {827E0CD3-B72D-47B6-A68D-7590B98EB39B}
		{416167C6-71FC-447F-8B95-E15DFF0148E3} = {827E0CD3-B72D-47B6-A68D-7590B98EB39B}
		{F328F2FD-608F-4DC8-BC8B-BC8794FC69C8} = {827E0CD3-B72D-47B6-A68D-7590B98EB39B}
		{9A7748B6-AA59-48A4-B3FB-A29A5269592E} = {827E0CD3-B72D-47B6-A68D-7590B98EB39B}
		{98E256B3-73A2-46DE-8795-B8C45CF2649B} = {827E0CD3-B72D-47B6-A68D-7590B98EB39B}
		{7D47D9BC-D331-4318-A691-F67BB70FA62A} = {0AB3BF05-4346-4AA6-1389-037BE0695223}
		{F22602B8-A243-47F1-9074-5EE9A4C4D904} = {0AB3BF05-4346-4AA6-1389-037BE0695223}
		{658BE637-60DB-49C7-86C1-BE9E54C268E2} = {0AB3BF05-4346-4AA6-1389-037BE0695223}
	EndGlobalSection
EndGlobal
